
Microsoft Visual Studio Solution File, Format Version 12.00
# Visual Studio Version 17
VisualStudioVersion = 17.11.35222.181
MinimumVisualStudioVersion = 10.0.40219.1
Project("{9A19103F-16F7-4668-BE54-9A1E7A4F7556}") = "StockDataWebsite", "StockDataWebsite\StockDataWebsite.csproj", "{87B1C914-FD26-49BC-82FC-3B6678D65C18}"
EndProject
Project("{FAE04EC0-301F-11D3-BF4B-00C04F79EFBC}") = "StockScraperV3", "..\..\..\Documents\repos\StockScraperV3\StockScraperV3\StockScraperV3.csproj", "{2BCC100F-B588-4D26-8018-E9172499A9E6}"
EndProject
Project("{FAE04EC0-301F-11D3-BF4B-00C04F79EFBC}") = "StockInfoAPI", "..\..\..\Documents\repos\StockInfoAPI\StockInfoAPI\StockInfoAPI.csproj", "{20A0A772-5838-4DF1-9DE6-5D8E8861A6E7}"
EndProject
Global
	GlobalSection(SolutionConfigurationPlatforms) = preSolution
		Debug|Any CPU = Debug|Any CPU
		Release|Any CPU = Release|Any CPU
	EndGlobalSection
	GlobalSection(ProjectConfigurationPlatforms) = postSolution
		{87B1C914-FD26-49BC-82FC-3B6678D65C18}.Debug|Any CPU.ActiveCfg = Debug|Any CPU
		{87B1C914-FD26-49BC-82FC-3B6678D65C18}.Debug|Any CPU.Build.0 = Debug|Any CPU
		{87B1C914-FD26-49BC-82FC-3B6678D65C18}.Release|Any CPU.ActiveCfg = Release|Any CPU
		{87B1C914-FD26-49BC-82FC-3B6678D65C18}.Release|Any CPU.Build.0 = Release|Any CPU
		{2BCC100F-B588-4D26-8018-E9172499A9E6}.Debug|Any CPU.ActiveCfg = Debug|Any CPU
		{2BCC100F-B588-4D26-8018-E9172499A9E6}.Debug|Any CPU.Build.0 = Debug|Any CPU
		{2BCC100F-B588-4D26-8018-E9172499A9E6}.Release|Any CPU.ActiveCfg = Release|Any CPU
		{2BCC100F-B588-4D26-8018-E9172499A9E6}.Release|Any CPU.Build.0 = Release|Any CPU
		{20A0A772-5838-4DF1-9DE6-5D8E8861A6E7}.Debug|Any CPU.ActiveCfg = Debug|Any CPU
		{20A0A772-5838-4DF1-9DE6-5D8E8861A6E7}.Debug|Any CPU.Build.0 = Debug|Any CPU
		{20A0A772-5838-4DF1-9DE6-5D8E8861A6E7}.Release|Any CPU.ActiveCfg = Release|Any CPU
		{20A0A772-5838-4DF1-9DE6-5D8E8861A6E7}.Release|Any CPU.Build.0 = Release|Any CPU
	EndGlobalSection
	GlobalSection(SolutionProperties) = preSolution
		HideSolutionNode = FALSE
	EndGlobalSection
	GlobalSection(ExtensibilityGlobals) = postSolution
		SolutionGuid = {520625E3-51C4-4F8E-A8EF-968EEDAA5898}
	EndGlobalSection
EndGlobal
